Microsoft Visual Studio Solution File, Format Version 8.00
Project("{FAE04EC0-301F-11D3-BF4B-00C04F79EFBC}") = "Sokoban Pro", "Sokoban Pro.csproj", "{E5B8EE82-2E30-4D9A-9895-39B4CA919879}"
	ProjectSection(ProjectDependencies) = postProject
	EndProjectSection
EndProject
Global
	GlobalSection(SolutionConfiguration) = preSolution
		Debug = Debug
		Release = Release
	EndGlobalSection
	GlobalSection(ProjectConfiguration) = postSolution
		{E5B8EE82-2E30-4D9A-9895-39B4CA919879}.Debug.ActiveCfg = Debug|.NET
		{E5B8EE82-2E30-4D9A-9895-39B4CA919879}.Debug.Build.0 = Debug|.NET
		{E5B8EE82-2E30-4D9A-9895-39B4CA919879}.Release.ActiveCfg = Release|.NET
		{E5B8EE82-2E30-4D9A-9895-39B4CA919879}.Release.Build.0 = Release|.NET
	EndGlobalSection
	GlobalSection(ExtensibilityGlobals) = postSolution
	EndGlobalSection
	GlobalSection(ExtensibilityAddIns) = postSolution
	EndGlobalSection
EndGlobal
